
Microsoft Visual Studio Solution File, Format Version 12.00
Project("{FAE04EC0-301F-11D3-BF4B-00C04F79EFBC}") = "WebApp", "WebApp\WebApp.csproj", "{1162473F-92E8-4DB4-9AD0-448167F29721}"
EndProject
Project("{FAE04EC0-301F-11D3-BF4B-00C04F79EFBC}") = "DAL.App.EF", "DAL.App.EF\DAL.App.EF.csproj", "{37F7FB22-4983-459D-9D0E-25931305F567}"
EndProject
Project("{FAE04EC0-301F-11D3-BF4B-00C04F79EFBC}") = "Contracts.DAL.Base", "Contracts.DAL.Base\Contracts.DAL.Base.csproj", "{F3608CA8-E150-4944-8C78-6BC7EBA1A491}"
EndProject
Project("{FAE04EC0-301F-11D3-BF4B-00C04F79EFBC}") = "Contracts.Domain.Base", "Contracts.Domain.Base\Contracts.Domain.Base.csproj", "{DB86E7A1-C130-4223-B663-077CB12177D0}"
EndProject
Project("{FAE04EC0-301F-11D3-BF4B-00C04F79EFBC}") = "DAL.Base.EF", "DAL.Base.EF\DAL.Base.EF.csproj", "{EE4DA437-24BB-4B36-975C-9BBFAD9B4523}"
EndProject
Project("{FAE04EC0-301F-11D3-BF4B-00C04F79EFBC}") = "Domain.App", "Domain.App\Domain.App.csproj", "{C69671B9-57D7-49BE-B503-E5CD0DCA5644}"
EndProject
Project("{FAE04EC0-301F-11D3-BF4B-00C04F79EFBC}") = "Domain.Base", "Domain.Base\Domain.Base.csproj", "{B6D5C7FD-84DE-4CB4-806F-FA57C5ABD6DB}"
EndProject
Project("{FAE04EC0-301F-11D3-BF4B-00C04F79EFBC}") = "Contracts.DAL.App", "Contracts.DAL.App\Contracts.DAL.App.csproj", "{2578ECA7-44C4-41E8-AA7A-C03E9453A02C}"
EndProject
Project("{FAE04EC0-301F-11D3-BF4B-00C04F79EFBC}") = "DAL.Base", "DAL.Base\DAL.Base.csproj", "{4D5E9713-9E9C-466F-B141-7FBD69A0956A}"
EndProject
Project("{FAE04EC0-301F-11D3-BF4B-00C04F79EFBC}") = "Extensions.Base", "Extensions.Base\Extensions.Base.csproj", "{04C050DB-CC61-4805-88B4-3A15CEDB0E8C}"
EndProject
Project("{FAE04EC0-301F-11D3-BF4B-00C04F79EFBC}") = "Contracts.BLL.Base", "Contracts.BLL.Base\Contracts.BLL.Base.csproj", "{D376B1B2-5DD9-4749-B7EF-7800EAB7819A}"
EndProject
Project("{FAE04EC0-301F-11D3-BF4B-00C04F79EFBC}") = "BLL.Base", "BLL.Base\BLL.Base.csproj", "{D6467171-38F4-4EE9-920B-EC0913774489}"
EndProject
Project("{FAE04EC0-301F-11D3-BF4B-00C04F79EFBC}") = "Contracts.BLL.App", "Contracts.BLL.App\Contracts.BLL.App.csproj", "{E8E46482-CDAF-4146-BC49-21142A0A6B64}"
EndProject
Project("{FAE04EC0-301F-11D3-BF4B-00C04F79EFBC}") = "BLL.App", "BLL.App\BLL.App.csproj", "{DB792527-D659-4864-8F19-32D7B9CEAB66}"
EndProject
Project("{FAE04EC0-301F-11D3-BF4B-00C04F79EFBC}") = "DAL.App.DTO", "DAL.App.DTO\DAL.App.DTO.csproj", "{18BAEF94-453C-4A1E-A673-72CFAF11E41C}"
EndProject
Project("{FAE04EC0-301F-11D3-BF4B-00C04F79EFBC}") = "BLL.App.DTO", "BLL.App.DTO\BLL.App.DTO.csproj", "{3877E532-14C2-4EDF-8B02-97AA3E965C46}"
EndProject
Project("{FAE04EC0-301F-11D3-BF4B-00C04F79EFBC}") = "PublicApi.DTO.v1", "PublicApi.DTO.v1\PublicApi.DTO.v1.csproj", "{A234F4A8-0F05-444B-9C21-537213C1F9CC}"
EndProject
Project("{FAE04EC0-301F-11D3-BF4B-00C04F79EFBC}") = "Resources", "Resources\Resources.csproj", "{1B41EF64-5BF8-43E0-8D97-F053140D41FF}"
EndProject
Project("{FAE04EC0-301F-11D3-BF4B-00C04F79EFBC}") = "Resources.Base", "Resources.Base\Resources.Base.csproj", "{32386651-E9F6-46B8-820F-E259684DA673}"
EndProject
Project("{2150E333-8FDC-42A3-9474-1A3956D46DE8}") = "Tests", "Tests", "{8207EDFE-BE7D-41C8-B10E-88ADF53A689D}"
EndProject
Project("{FAE04EC0-301F-11D3-BF4B-00C04F79EFBC}") = "TestProject", "TestProject\TestProject.csproj", "{9864B278-7BA1-4AF0-BAD4-7F284904B953}"
EndProject
Global
	GlobalSection(SolutionConfigurationPlatforms) = preSolution
		Debug|Any CPU = Debug|Any CPU
		Release|Any CPU = Release|Any CPU
	EndGlobalSection
	GlobalSection(ProjectConfigurationPlatforms) = postSolution
		{1162473F-92E8-4DB4-9AD0-448167F29721}.Debug|Any CPU.ActiveCfg = Debug|Any CPU
		{1162473F-92E8-4DB4-9AD0-448167F29721}.Debug|Any CPU.Build.0 = Debug|Any CPU
		{1162473F-92E8-4DB4-9AD0-448167F29721}.Release|Any CPU.ActiveCfg = Release|Any CPU
		{1162473F-92E8-4DB4-9AD0-448167F29721}.Release|Any CPU.Build.0 = Release|Any CPU
		{37F7FB22-4983-459D-9D0E-25931305F567}.Debug|Any CPU.ActiveCfg = Debug|Any CPU
		{37F7FB22-4983-459D-9D0E-25931305F567}.Debug|Any CPU.Build.0 = Debug|Any CPU
		{37F7FB22-4983-459D-9D0E-25931305F567}.Release|Any CPU.ActiveCfg = Release|Any CPU
		{37F7FB22-4983-459D-9D0E-25931305F567}.Release|Any CPU.Build.0 = Release|Any CPU
		{F3608CA8-E150-4944-8C78-6BC7EBA1A491}.Debug|Any CPU.ActiveCfg = Debug|Any CPU
		{F3608CA8-E150-4944-8C78-6BC7EBA1A491}.Debug|Any CPU.Build.0 = Debug|Any CPU
		{F3608CA8-E150-4944-8C78-6BC7EBA1A491}.Release|Any CPU.ActiveCfg = Release|Any CPU
		{F3608CA8-E150-4944-8C78-6BC7EBA1A491}.Release|Any CPU.Build.0 = Release|Any CPU
		{DB86E7A1-C130-4223-B663-077CB12177D0}.Debug|Any CPU.ActiveCfg = Debug|Any CPU
		{DB86E7A1-C130-4223-B663-077CB12177D0}.Debug|Any CPU.Build.0 = Debug|Any CPU
		{DB86E7A1-C130-4223-B663-077CB12177D0}.Release|Any CPU.ActiveCfg = Release|Any CPU
		{DB86E7A1-C130-4223-B663-077CB12177D0}.Release|Any CPU.Build.0 = Release|Any CPU
		{EE4DA437-24BB-4B36-975C-9BBFAD9B4523}.Debug|Any CPU.ActiveCfg = Debug|Any CPU
		{EE4DA437-24BB-4B36-975C-9BBFAD9B4523}.Debug|Any CPU.Build.0 = Debug|Any CPU
		{EE4DA437-24BB-4B36-975C-9BBFAD9B4523}.Release|Any CPU.ActiveCfg = Release|Any CPU
		{EE4DA437-24BB-4B36-975C-9BBFAD9B4523}.Release|Any CPU.Build.0 = Release|Any CPU
		{C69671B9-57D7-49BE-B503-E5CD0DCA5644}.Debug|Any CPU.ActiveCfg = Debug|Any CPU
		{C69671B9-57D7-49BE-B503-E5CD0DCA5644}.Debug|Any CPU.Build.0 = Debug|Any CPU
		{C69671B9-57D7-49BE-B503-E5CD0DCA5644}.Release|Any CPU.ActiveCfg = Release|Any CPU
		{C69671B9-57D7-49BE-B503-E5CD0DCA5644}.Release|Any CPU.Build.0 = Release|Any CPU
		{B6D5C7FD-84DE-4CB4-806F-FA57C5ABD6DB}.Debug|Any CPU.ActiveCfg = Debug|Any CPU
		{B6D5C7FD-84DE-4CB4-806F-FA57C5ABD6DB}.Debug|Any CPU.Build.0 = Debug|Any CPU
		{B6D5C7FD-84DE-4CB4-806F-FA57C5ABD6DB}.Release|Any CPU.ActiveCfg = Release|Any CPU
		{B6D5C7FD-84DE-4CB4-806F-FA57C5ABD6DB}.Release|Any CPU.Build.0 = Release|Any CPU
		{2578ECA7-44C4-41E8-AA7A-C03E9453A02C}.Debug|Any CPU.ActiveCfg = Debug|Any CPU
		{2578ECA7-44C4-41E8-AA7A-C03E9453A02C}.Debug|Any CPU.Build.0 = Debug|Any CPU
		{2578ECA7-44C4-41E8-AA7A-C03E9453A02C}.Release|Any CPU.ActiveCfg = Release|Any CPU
		{2578ECA7-44C4-41E8-AA7A-C03E9453A02C}.Release|Any CPU.Build.0 = Release|Any CPU
		{4D5E9713-9E9C-466F-B141-7FBD69A0956A}.Debug|Any CPU.ActiveCfg = Debug|Any CPU
		{4D5E9713-9E9C-466F-B141-7FBD69A0956A}.Debug|Any CPU.Build.0 = Debug|Any CPU
		{4D5E9713-9E9C-466F-B141-7FBD69A0956A}.Release|Any CPU.ActiveCfg = Release|Any CPU
		{4D5E9713-9E9C-466F-B141-7FBD69A0956A}.Release|Any CPU.Build.0 = Release|Any CPU
		{04C050DB-CC61-4805-88B4-3A15CEDB0E8C}.Debug|Any CPU.ActiveCfg = Debug|Any CPU
		{04C050DB-CC61-4805-88B4-3A15CEDB0E8C}.Debug|Any CPU.Build.0 = Debug|Any CPU
		{04C050DB-CC61-4805-88B4-3A15CEDB0E8C}.Release|Any CPU.ActiveCfg = Release|Any CPU
		{04C050DB-CC61-4805-88B4-3A15CEDB0E8C}.Release|Any CPU.Build.0 = Release|Any CPU
		{D376B1B2-5DD9-4749-B7EF-7800EAB7819A}.Debug|Any CPU.ActiveCfg = Debug|Any CPU
		{D376B1B2-5DD9-4749-B7EF-7800EAB7819A}.Debug|Any CPU.Build.0 = Debug|Any CPU
		{D376B1B2-5DD9-4749-B7EF-7800EAB7819A}.Release|Any CPU.ActiveCfg = Release|Any CPU
		{D376B1B2-5DD9-4749-B7EF-7800EAB7819A}.Release|Any CPU.Build.0 = Release|Any CPU
		{D6467171-38F4-4EE9-920B-EC0913774489}.Debug|Any CPU.ActiveCfg = Debug|Any CPU
		{D6467171-38F4-4EE9-920B-EC0913774489}.Debug|Any CPU.Build.0 = Debug|Any CPU
		{D6467171-38F4-4EE9-920B-EC0913774489}.Release|Any CPU.ActiveCfg = Release|Any CPU
		{D6467171-38F4-4EE9-920B-EC0913774489}.Release|Any CPU.Build.0 = Release|Any CPU
		{E8E46482-CDAF-4146-BC49-21142A0A6B64}.Debug|Any CPU.ActiveCfg = Debug|Any CPU
		{E8E46482-CDAF-4146-BC49-21142A0A6B64}.Debug|Any CPU.Build.0 = Debug|Any CPU
		{E8E46482-CDAF-4146-BC49-21142A0A6B64}.Release|Any CPU.ActiveCfg = Release|Any CPU
		{E8E46482-CDAF-4146-BC49-21142A0A6B64}.Release|Any CPU.Build.0 = Release|Any CPU
		{DB792527-D659-4864-8F19-32D7B9CEAB66}.Debug|Any CPU.ActiveCfg = Debug|Any CPU
		{DB792527-D659-4864-8F19-32D7B9CEAB66}.Debug|Any CPU.Build.0 = Debug|Any CPU
		{DB792527-D659-4864-8F19-32D7B9CEAB66}.Release|Any CPU.ActiveCfg = Release|Any CPU
		{DB792527-D659-4864-8F19-32D7B9CEAB66}.Release|Any CPU.Build.0 = Release|Any CPU
		{18BAEF94-453C-4A1E-A673-72CFAF11E41C}.Debug|Any CPU.ActiveCfg = Debug|Any CPU
		{18BAEF94-453C-4A1E-A673-72CFAF11E41C}.Debug|Any CPU.Build.0 = Debug|Any CPU
		{18BAEF94-453C-4A1E-A673-72CFAF11E41C}.Release|Any CPU.ActiveCfg = Release|Any CPU
		{18BAEF94-453C-4A1E-A673-72CFAF11E41C}.Release|Any CPU.Build.0 = Release|Any CPU
		{3877E532-14C2-4EDF-8B02-97AA3E965C46}.Debug|Any CPU.ActiveCfg = Debug|Any CPU
		{3877E532-14C2-4EDF-8B02-97AA3E965C46}.Debug|Any CPU.Build.0 = Debug|Any CPU
		{3877E532-14C2-4EDF-8B02-97AA3E965C46}.Release|Any CPU.ActiveCfg = Release|Any CPU
		{3877E532-14C2-4EDF-8B02-97AA3E965C46}.Release|Any CPU.Build.0 = Release|Any CPU
		{A234F4A8-0F05-444B-9C21-537213C1F9CC}.Debug|Any CPU.ActiveCfg = Debug|Any CPU
		{A234F4A8-0F05-444B-9C21-537213C1F9CC}.Debug|Any CPU.Build.0 = Debug|Any CPU
		{A234F4A8-0F05-444B-9C21-537213C1F9CC}.Release|Any CPU.ActiveCfg = Release|Any CPU
		{A234F4A8-0F05-444B-9C21-537213C1F9CC}.Release|Any CPU.Build.0 = Release|Any CPU
		{1B41EF64-5BF8-43E0-8D97-F053140D41FF}.Debug|Any CPU.ActiveCfg = Debug|Any CPU
		{1B41EF64-5BF8-43E0-8D97-F053140D41FF}.Debug|Any CPU.Build.0 = Debug|Any CPU
		{1B41EF64-5BF8-43E0-8D97-F053140D41FF}.Release|Any CPU.ActiveCfg = Release|Any CPU
		{1B41EF64-5BF8-43E0-8D97-F053140D41FF}.Release|Any CPU.Build.0 = Release|Any CPU
		{32386651-E9F6-46B8-820F-E259684DA673}.Debug|Any CPU.ActiveCfg = Debug|Any CPU
		{32386651-E9F6-46B8-820F-E259684DA673}.Debug|Any CPU.Build.0 = Debug|Any CPU
		{32386651-E9F6-46B8-820F-E259684DA673}.Release|Any CPU.ActiveCfg = Release|Any CPU
		{32386651-E9F6-46B8-820F-E259684DA673}.Release|Any CPU.Build.0 = Release|Any CPU
		{9864B278-7BA1-4AF0-BAD4-7F284904B953}.Debug|Any CPU.ActiveCfg = Debug|Any CPU
		{9864B278-7BA1-4AF0-BAD4-7F284904B953}.Debug|Any CPU.Build.0 = Debug|Any CPU
		{9864B278-7BA1-4AF0-BAD4-7F284904B953}.Release|Any CPU.ActiveCfg = Release|Any CPU
		{9864B278-7BA1-4AF0-BAD4-7F284904B953}.Release|Any CPU.Build.0 = Release|Any CPU
	EndGlobalSection
	GlobalSection(NestedProjects) = preSolution
		{9864B278-7BA1-4AF0-BAD4-7F284904B953} = {8207EDFE-BE7D-41C8-B10E-88ADF53A689D}
	EndGlobalSection
EndGlobal
